// !$*UTF8*$!
{
	archiveVersion = 1;
	classes = {
	};
	objectVersion = 46;
	objects = {

/* Begin PBXBuildFile section */
		33223228190FE4D10072CB30 /* Model_.xcdatamodeld in Sources */ = {isa = PBXBuildFile; fileRef = 33223226190FE4D10072CB30 /* Model_.xcdatamodeld */; };
		F31C166C1904209C004E92DD /* CockPitViewController.m in Sources */ = {isa = PBXBuildFile; fileRef = F31C166B1904209C004E92DD /* CockPitViewController.m */; };
		F31C166F1904213A004E92DD /* SettingsViewController.m in Sources */ = {isa = PBXBuildFile; fileRef = F31C166E1904213A004E92DD /* SettingsViewController.m */; };
		F334CACC1902792D00CCF8CF /* downloadArrow.png in Resources */ = {isa = PBXBuildFile; fileRef = F334CACB1902792D00CCF8CF /* downloadArrow.png */; };
		F334CAD019028EEA00CCF8CF /* DownloadViewController.m in Sources */ = {isa = PBXBuildFile; fileRef = F334CACF19028EEA00CCF8CF /* DownloadViewController.m */; };
		F334CAD31902907E00CCF8CF /* ClipDownloader.m in Sources */ = {isa = PBXBuildFile; fileRef = F334CAD21902907E00CCF8CF /* ClipDownloader.m */; };
		F36163A01902CB120002D22E /* clipready.png in Resources */ = {isa = PBXBuildFile; fileRef = F361639F1902CB120002D22E /* clipready.png */; };
		F36163A21902CCB30002D22E /* heart.png in Resources */ = {isa = PBXBuildFile; fileRef = F36163A11902CCB30002D22E /* heart.png */; };
		F36163A41902E4720002D22E /* videoQuiz.mov in Resources */ = {isa = PBXBuildFile; fileRef = F36163A31902E4720002D22E /* videoQuiz.mov */; };
		F36163A91902E7290002D22E /* MediaPlayer.framework in Frameworks */ = {isa = PBXBuildFile; fileRef = F36163A81902E7290002D22E /* MediaPlayer.framework */; };
		F36163AB1902E7E70002D22E /* flake.mov in Resources */ = {isa = PBXBuildFile; fileRef = F36163AA1902E7E70002D22E /* flake.mov */; };
		F36163AE1902E8170002D22E /* PlayerViewController.m in Sources */ = {isa = PBXBuildFile; fileRef = F36163AD1902E8160002D22E /* PlayerViewController.m */; };
		F36163B01902F2AB0002D22E /* video.png in Resources */ = {isa = PBXBuildFile; fileRef = F36163AF1902F2AB0002D22E /* video.png */; };
		F36163B31903D9D90002D22E /* NavigationController.m in Sources */ = {isa = PBXBuildFile; fileRef = F36163B21903D9D90002D22E /* NavigationController.m */; };
		F37161D6190FF68800323344 /* DmUser.m in Sources */ = {isa = PBXBuildFile; fileRef = F37161D5190FF68800323344 /* DmUser.m */; };
		F37161D9190FF68800323344 /* DmQuestion.m in Sources */ = {isa = PBXBuildFile; fileRef = F37161D8190FF68800323344 /* DmQuestion.m */; };
		F37161DC190FF68900323344 /* DmVideo.m in Sources */ = {isa = PBXBuildFile; fileRef = F37161DB190FF68900323344 /* DmVideo.m */; };
		F37B10A919026C4900D03CE7 /* UIKit.framework in Frameworks */ = {isa = PBXBuildFile; fileRef = F37B10A819026C4900D03CE7 /* UIKit.framework */; };
		F37B10AB19026C4900D03CE7 /* Foundation.framework in Frameworks */ = {isa = PBXBuildFile; fileRef = F37B10AA19026C4900D03CE7 /* Foundation.framework */; };
		F37B10AD19026C4900D03CE7 /* CoreGraphics.framework in Frameworks */ = {isa = PBXBuildFile; fileRef = F37B10AC19026C4900D03CE7 /* CoreGraphics.framework */; };
		F37B10B319026C4900D03CE7 /* InfoPlist.strings in Resources */ = {isa = PBXBuildFile; fileRef = F37B10B119026C4900D03CE7 /* InfoPlist.strings */; };
		F37B10B519026C4900D03CE7 /* main.m in Sources */ = {isa = PBXBuildFile; fileRef = F37B10B419026C4900D03CE7 /* main.m */; };
		F37B10B919026C4900D03CE7 /* AppDelegate.m in Sources */ = {isa = PBXBuildFile; fileRef = F37B10B819026C4900D03CE7 /* AppDelegate.m */; };
		F37B10BB19026C4900D03CE7 /* Default.png in Resources */ = {isa = PBXBuildFile; fileRef = F37B10BA19026C4900D03CE7 /* Default.png */; };
		F37B10BD19026C4900D03CE7 /* Default@2x.png in Resources */ = {isa = PBXBuildFile; fileRef = F37B10BC19026C4900D03CE7 /* Default@2x.png */; };
		F37B10BF19026C4900D03CE7 /* Default-568h@2x.png in Resources */ = {isa = PBXBuildFile; fileRef = F37B10BE19026C4900D03CE7 /* Default-568h@2x.png */; };
		F37B10C219026C4900D03CE7 /* MainStoryboard.storyboard in Resources */ = {isa = PBXBuildFile; fileRef = F37B10C019026C4900D03CE7 /* MainStoryboard.storyboard */; };
		F37B10C519026C4900D03CE7 /* ViewController.m in Sources */ = {isa = PBXBuildFile; fileRef = F37B10C419026C4900D03CE7 /* ViewController.m */; };
		F37B10CD19026C4900D03CE7 /* SenTestingKit.framework in Frameworks */ = {isa = PBXBuildFile; fileRef = F37B10CC19026C4900D03CE7 /* SenTestingKit.framework */; };
		F37B10CE19026C4900D03CE7 /* UIKit.framework in Frameworks */ = {isa = PBXBuildFile; fileRef = F37B10A819026C4900D03CE7 /* UIKit.framework */; };
		F37B10CF19026C4900D03CE7 /* Foundation.framework in Frameworks */ = {isa = PBXBuildFile; fileRef = F37B10AA19026C4900D03CE7 /* Foundation.framework */; };
		F37B10D719026C4900D03CE7 /* InfoPlist.strings in Resources */ = {isa = PBXBuildFile; fileRef = F37B10D519026C4900D03CE7 /* InfoPlist.strings */; };
		F37B10DA19026C4900D03CE7 /* VideoQuizTests.m in Sources */ = {isa = PBXBuildFile; fileRef = F37B10D919026C4900D03CE7 /* VideoQuizTests.m */; };
		F3C7943119056551001A1847 /* Model.xcdatamodeld in Resources */ = {isa = PBXBuildFile; fileRef = F3C7943019056551001A1847 /* Model.xcdatamodeld */; };
		F3FA2FEE190586840001841D /* CoreData.framework in Frameworks */ = {isa = PBXBuildFile; fileRef = F3FA2FED190586840001841D /* CoreData.framework */; };
		F3FA2FF519058C3D0001841D /* ad bud.mov in Resources */ = {isa = PBXBuildFile; fileRef = F3FA2FF219058C3D0001841D /* ad bud.mov */; };
		F3FA2FF619058C3D0001841D /* guinness.mov in Resources */ = {isa = PBXBuildFile; fileRef = F3FA2FF319058C3D0001841D /* guinness.mov */; };
		F3FA2FF719058C3D0001841D /* milkTray.mov in Resources */ = {isa = PBXBuildFile; fileRef = F3FA2FF419058C3D0001841D /* milkTray.mov */; };
		F3FA2FFA190650950001841D /* WsBase.m in Sources */ = {isa = PBXBuildFile; fileRef = F3FA2FF9190650950001841D /* WsBase.m */; };
		F3FA2FFD190650A60001841D /* SessionData.m in Sources */ = {isa = PBXBuildFile; fileRef = F3FA2FFC190650A60001841D /* SessionData.m */; };
		F3FA30021906513A0001841D /* Objection-iOS.framework in Frameworks */ = {isa = PBXBuildFile; fileRef = F3FA30011906513A0001841D /* Objection-iOS.framework */; };
		F3FA300B190652FB0001841D /* CoreText.framework in Frameworks */ = {isa = PBXBuildFile; fileRef = F3FA300A190652FB0001841D /* CoreText.framework */; };
		F3FA300D190654FD0001841D /* PersistManager.m in Sources */ = {isa = PBXBuildFile; fileRef = F3FA300C190654FD0001841D /* PersistManager.m */; };
		F3FA3010190657550001841D /* QuizWs.m in Sources */ = {isa = PBXBuildFile; fileRef = F3FA300F190657550001841D /* QuizWs.m */; };
		F3FA3013190659B30001841D /* QuizDao.m in Sources */ = {isa = PBXBuildFile; fileRef = F3FA3012190659B30001841D /* QuizDao.m */; };
		F3FA301A190669BC0001841D /* Security.framework in Frameworks */ = {isa = PBXBuildFile; fileRef = F3FA3008190652AD0001841D /* Security.framework */; };
		F3FA301E19066A6F0001841D /* KeychainItemWrapper.m in Sources */ = {isa = PBXBuildFile; fileRef = F3FA301D19066A6F0001841D /* KeychainItemWrapper.m */; };
		F3FA302119069B2F0001841D /* connection.m in Sources */ = {isa = PBXBuildFile; fileRef = F3FA302019069B2F0001841D /* connection.m */; };
		F3FA30251907D5280001841D /* MultipleChoiceQuestionsViewController.m in Sources */ = {isa = PBXBuildFile; fileRef = F3FA30241907D5280001841D /* MultipleChoiceQuestionsViewController.m */; };
		F3FA30281907D5630001841D /* PrepareQuestionsViewController.m in Sources */ = {isa = PBXBuildFile; fileRef = F3FA30271907D5630001841D /* PrepareQuestionsViewController.m */; };
		F3FA302B19080D810001841D /* RegisterViewController.m in Sources */ = {isa = PBXBuildFile; fileRef = F3FA302A19080D810001841D /* RegisterViewController.m */; };
		F3FA302E19090A120001841D /* FunFactViewController.m in Sources */ = {isa = PBXBuildFile; fileRef = F3FA302D19090A120001841D /* FunFactViewController.m */; };
		F3FA303119090A5E0001841D /* AdFeedbackViewController.m in Sources */ = {isa = PBXBuildFile; fileRef = F3FA303019090A5E0001841D /* AdFeedbackViewController.m */; };
		F3FA303419090A7B0001841D /* RatingViewController.m in Sources */ = {isa = PBXBuildFile; fileRef = F3FA303319090A7B0001841D /* RatingViewController.m */; };
		F3FA303519091C6C0001841D /* LoginViewController.m in Sources */ = {isa = PBXBuildFile; fileRef = F31C166819041CB4004E92DD /* LoginViewController.m */; };
		F3FA3056190938EC0001841D /* IQKeyboardManager.bundle in Resources */ = {isa = PBXBuildFile; fileRef = F3FA3054190938EC0001841D /* IQKeyboardManager.bundle */; };
		F3FA3057190938EC0001841D /* KeyboardManager.framework in Frameworks */ = {isa = PBXBuildFile; fileRef = F3FA3055190938EC0001841D /* KeyboardManager.framework */; };
		F3FA305B190940450001841D /* PointSummaryViewController.m in Sources */ = {isa = PBXBuildFile; fileRef = F3FA305A190940450001841D /* PointSummaryViewController.m */; };
		F3FA305E190940590001841D /* CashInPointsViewController.m in Sources */ = {isa = PBXBuildFile; fileRef = F3FA305D190940590001841D /* CashInPointsViewController.m */; };
/* End PBXBuildFile section */

/* Begin PBXContainerItemProxy section */
		F37B10D019026C4900D03CE7 /* PBXContainerItemProxy */ = {
			isa = PBXContainerItemProxy;
			containerPortal = F37B109D19026C4900D03CE7 /* Project object */;
			proxyType = 1;
			remoteGlobalIDString = F37B10A419026C4900D03CE7;
			remoteInfo = VideoQuiz;
		};
/* End PBXContainerItemProxy section */

/* Begin PBXFileReference section */
		33223227190FE4D10072CB30 /* Model_.xcdatamodel */ = {isa = PBXFileReference; lastKnownFileType = wrapper.xcdatamodel; path = Model_.xcdatamodel; sourceTree = "<group>"; };
		F31C166719041CB4004E92DD /* LoginViewController.h */ = {isa = PBXFileReference; fileEncoding = 4; lastKnownFileType = sourcecode.c.h; name = LoginViewController.h; path = ../LoginViewController.h; sourceTree = "<group>"; };
		F31C166819041CB4004E92DD /* LoginViewController.m */ = {isa = PBXFileReference; fileEncoding = 4; lastKnownFileType = sourcecode.c.objc; name = LoginViewController.m; path = ../LoginViewController.m; sourceTree = "<group>"; };
		F31C166A1904209C004E92DD /* CockPitViewController.h */ = {isa = PBXFileReference; fileEncoding = 4; lastKnownFileType = sourcecode.c.h; path = CockPitViewController.h; sourceTree = "<group>"; };
		F31C166B1904209C004E92DD /* CockPitViewController.m */ = {isa = PBXFileReference; fileEncoding = 4; lastKnownFileType = sourcecode.c.objc; path = CockPitViewController.m; sourceTree = "<group>"; };
		F31C166D1904213A004E92DD /* SettingsViewController.h */ = {isa = PBXFileReference; fileEncoding = 4; lastKnownFileType = sourcecode.c.h; path = SettingsViewController.h; sourceTree = "<group>"; };
		F31C166E1904213A004E92DD /* SettingsViewController.m */ = {isa = PBXFileReference; fileEncoding = 4; lastKnownFileType = sourcecode.c.objc; path = SettingsViewController.m; sourceTree = "<group>"; };
		F334CACB1902792D00CCF8CF /* downloadArrow.png */ = {isa = PBXFileReference; lastKnownFileType = image.png; path = downloadArrow.png; sourceTree = "<group>"; };
		F334CACE19028EEA00CCF8CF /* DownloadViewController.h */ = {isa = PBXFileReference; fileEncoding = 4; lastKnownFileType = sourcecode.c.h; path = DownloadViewController.h; sourceTree = "<group>"; };
		F334CACF19028EEA00CCF8CF /* DownloadViewController.m */ = {isa = PBXFileReference; fileEncoding = 4; lastKnownFileType = sourcecode.c.objc; path = DownloadViewController.m; sourceTree = "<group>"; };
		F334CAD11902907E00CCF8CF /* ClipDownloader.h */ = {isa = PBXFileReference; fileEncoding = 4; lastKnownFileType = sourcecode.c.h; path = ClipDownloader.h; sourceTree = "<group>"; };
		F334CAD21902907E00CCF8CF /* ClipDownloader.m */ = {isa = PBXFileReference; fileEncoding = 4; lastKnownFileType = sourcecode.c.objc; path = ClipDownloader.m; sourceTree = "<group>"; };
		F361639F1902CB120002D22E /* clipready.png */ = {isa = PBXFileReference; lastKnownFileType = image.png; path = clipready.png; sourceTree = "<group>"; };
		F36163A11902CCB30002D22E /* heart.png */ = {isa = PBXFileReference; lastKnownFileType = image.png; path = heart.png; sourceTree = "<group>"; };
		F36163A31902E4720002D22E /* videoQuiz.mov */ = {isa = PBXFileReference; lastKnownFileType = video.quicktime; path = videoQuiz.mov; sourceTree = "<group>"; };
		F36163A81902E7290002D22E /* MediaPlayer.framework */ = {isa = PBXFileReference; lastKnownFileType = wrapper.framework; name = MediaPlayer.framework; path = System/Library/Frameworks/MediaPlayer.framework; sourceTree = SDKROOT; };
		F36163AA1902E7E70002D22E /* flake.mov */ = {isa = PBXFileReference; lastKnownFileType = video.quicktime; path = flake.mov; sourceTree = "<group>"; };
		F36163AC1902E8160002D22E /* PlayerViewController.h */ = {isa = PBXFileReference; fileEncoding = 4; lastKnownFileType = sourcecode.c.h; path = PlayerViewController.h; sourceTree = "<group>"; };
		F36163AD1902E8160002D22E /* PlayerViewController.m */ = {isa = PBXFileReference; fileEncoding = 4; lastKnownFileType = sourcecode.c.objc; path = PlayerViewController.m; sourceTree = "<group>"; };
		F36163AF1902F2AB0002D22E /* video.png */ = {isa = PBXFileReference; lastKnownFileType = image.png; path = video.png; sourceTree = "<group>"; };
		F36163B11903D9D90002D22E /* NavigationController.h */ = {isa = PBXFileReference; fileEncoding = 4; lastKnownFileType = sourcecode.c.h; path = NavigationController.h; sourceTree = "<group>"; };
		F36163B21903D9D90002D22E /* NavigationController.m */ = {isa = PBXFileReference; fileEncoding = 4; lastKnownFileType = sourcecode.c.objc; path = NavigationController.m; sourceTree = "<group>"; };
		F37161D4190FF68800323344 /* DmUser.h */ = {isa = PBXFileReference; fileEncoding = 4; lastKnownFileType = sourcecode.c.h; path = DmUser.h; sourceTree = "<group>"; };
		F37161D5190FF68800323344 /* DmUser.m */ = {isa = PBXFileReference; fileEncoding = 4; lastKnownFileType = sourcecode.c.objc; path = DmUser.m; sourceTree = "<group>"; };
		F37161D7190FF68800323344 /* DmQuestion.h */ = {isa = PBXFileReference; fileEncoding = 4; lastKnownFileType = sourcecode.c.h; path = DmQuestion.h; sourceTree = "<group>"; };
		F37161D8190FF68800323344 /* DmQuestion.m */ = {isa = PBXFileReference; fileEncoding = 4; lastKnownFileType = sourcecode.c.objc; path = DmQuestion.m; sourceTree = "<group>"; };
		F37161DA190FF68900323344 /* DmVideo.h */ = {isa = PBXFileReference; fileEncoding = 4; lastKnownFileType = sourcecode.c.h; path = DmVideo.h; sourceTree = "<group>"; };
		F37161DB190FF68900323344 /* DmVideo.m */ = {isa = PBXFileReference; fileEncoding = 4; lastKnownFileType = sourcecode.c.objc; path = DmVideo.m; sourceTree = "<group>"; };
		F37B10A519026C4900D03CE7 /* VideoQuiz.app */ = {isa = PBXFileReference; explicitFileType = wrapper.application; includeInIndex = 0; path = VideoQuiz.app; sourceTree = BUILT_PRODUCTS_DIR; };
		F37B10A819026C4900D03CE7 /* UIKit.framework */ = {isa = PBXFileReference; lastKnownFileType = wrapper.framework; name = UIKit.framework; path = System/Library/Frameworks/UIKit.framework; sourceTree = SDKROOT; };
		F37B10AA19026C4900D03CE7 /* Foundation.framework */ = {isa = PBXFileReference; lastKnownFileType = wrapper.framework; name = Foundation.framework; path = System/Library/Frameworks/Foundation.framework; sourceTree = SDKROOT; };
		F37B10AC19026C4900D03CE7 /* CoreGraphics.framework */ = {isa = PBXFileReference; lastKnownFileType = wrapper.framework; name = CoreGraphics.framework; path = System/Library/Frameworks/CoreGraphics.framework; sourceTree = SDKROOT; };
		F37B10B019026C4900D03CE7 /* VideoQuiz-Info.plist */ = {isa = PBXFileReference; lastKnownFileType = text.plist.xml; path = "VideoQuiz-Info.plist"; sourceTree = "<group>"; };
		F37B10B219026C4900D03CE7 /* en */ = {isa = PBXFileReference; lastKnownFileType = text.plist.strings; name = en; path = en.lproj/InfoPlist.strings; sourceTree = "<group>"; };
		F37B10B419026C4900D03CE7 /* main.m */ = {isa = PBXFileReference; lastKnownFileType = sourcecode.c.objc; path = main.m; sourceTree = "<group>"; };
		F37B10B619026C4900D03CE7 /* VideoQuiz-Prefix.pch */ = {isa = PBXFileReference; lastKnownFileType = sourcecode.c.h; path = "VideoQuiz-Prefix.pch"; sourceTree = "<group>"; };
		F37B10B719026C4900D03CE7 /* AppDelegate.h */ = {isa = PBXFileReference; lastKnownFileType = sourcecode.c.h; path = AppDelegate.h; sourceTree = "<group>"; };
		F37B10B819026C4900D03CE7 /* AppDelegate.m */ = {isa = PBXFileReference; lastKnownFileType = sourcecode.c.objc; path = AppDelegate.m; sourceTree = "<group>"; };
		F37B10BA19026C4900D03CE7 /* Default.png */ = {isa = PBXFileReference; lastKnownFileType = image.png; path = Default.png; sourceTree = "<group>"; };
		F37B10BC19026C4900D03CE7 /* Default@2x.png */ = {isa = PBXFileReference; lastKnownFileType = image.png; path = "Default@2x.png"; sourceTree = "<group>"; };
		F37B10BE19026C4900D03CE7 /* Default-568h@2x.png */ = {isa = PBXFileReference; lastKnownFileType = image.png; path = "Default-568h@2x.png"; sourceTree = "<group>"; };
		F37B10C119026C4900D03CE7 /* en */ = {isa = PBXFileReference; lastKnownFileType = file.storyboard; name = en; path = en.lproj/MainStoryboard.storyboard; sourceTree = "<group>"; };
		F37B10C319026C4900D03CE7 /* ViewController.h */ = {isa = PBXFileReference; lastKnownFileType = sourcecode.c.h; path = ViewController.h; sourceTree = "<group>"; };
		F37B10C419026C4900D03CE7 /* ViewController.m */ = {isa = PBXFileReference; lastKnownFileType = sourcecode.c.objc; path = ViewController.m; sourceTree = "<group>"; };
		F37B10CB19026C4900D03CE7 /* VideoQuizTests.octest */ = {isa = PBXFileReference; explicitFileType = wrapper.cfbundle; includeInIndex = 0; path = VideoQuizTests.octest; sourceTree = BUILT_PRODUCTS_DIR; };
		F37B10CC19026C4900D03CE7 /* SenTestingKit.framework */ = {isa = PBXFileReference; lastKnownFileType = wrapper.framework; name = SenTestingKit.framework; path = Library/Frameworks/SenTestingKit.framework; sourceTree = DEVELOPER_DIR; };
		F37B10D419026C4900D03CE7 /* VideoQuizTests-Info.plist */ = {isa = PBXFileReference; lastKnownFileType = text.plist.xml; path = "VideoQuizTests-Info.plist"; sourceTree = "<group>"; };
		F37B10D619026C4900D03CE7 /* en */ = {isa = PBXFileReference; lastKnownFileType = text.plist.strings; name = en; path = en.lproj/InfoPlist.strings; sourceTree = "<group>"; };
		F37B10D819026C4900D03CE7 /* VideoQuizTests.h */ = {isa = PBXFileReference; lastKnownFileType = sourcecode.c.h; path = VideoQuizTests.h; sourceTree = "<group>"; };
		F37B10D919026C4900D03CE7 /* VideoQuizTests.m */ = {isa = PBXFileReference; lastKnownFileType = sourcecode.c.objc; path = VideoQuizTests.m; sourceTree = "<group>"; };
		F3C7943019056551001A1847 /* Model.xcdatamodeld */ = {isa = PBXFileReference; explicitFileType = wrapper.application; path = Model.xcdatamodeld; sourceTree = "<group>"; };
		F3FA2FED190586840001841D /* CoreData.framework */ = {isa = PBXFileReference; lastKnownFileType = wrapper.framework; name = CoreData.framework; path = System/Library/Frameworks/CoreData.framework; sourceTree = SDKROOT; };
		F3FA2FF219058C3D0001841D /* ad bud.mov */ = {isa = PBXFileReference; lastKnownFileType = video.quicktime; path = "ad bud.mov"; sourceTree = "<group>"; };
		F3FA2FF319058C3D0001841D /* guinness.mov */ = {isa = PBXFileReference; lastKnownFileType = video.quicktime; path = guinness.mov; sourceTree = "<group>"; };
		F3FA2FF419058C3D0001841D /* milkTray.mov */ = {isa = PBXFileReference; lastKnownFileType = video.quicktime; path = milkTray.mov; sourceTree = "<group>"; };
		F3FA2FF8190650950001841D /* WsBase.h */ = {isa = PBXFileReference; fileEncoding = 4; lastKnownFileType = sourcecode.c.h; path = WsBase.h; sourceTree = "<group>"; };
		F3FA2FF9190650950001841D /* WsBase.m */ = {isa = PBXFileReference; fileEncoding = 4; lastKnownFileType = sourcecode.c.objc; path = WsBase.m; sourceTree = "<group>"; };
		F3FA2FFB190650A60001841D /* SessionData.h */ = {isa = PBXFileReference; fileEncoding = 4; lastKnownFileType = sourcecode.c.h; path = SessionData.h; sourceTree = "<group>"; };
		F3FA2FFC190650A60001841D /* SessionData.m */ = {isa = PBXFileReference; fileEncoding = 4; lastKnownFileType = sourcecode.c.objc; path = SessionData.m; sourceTree = "<group>"; };
		F3FA30011906513A0001841D /* Objection-iOS.framework */ = {isa = PBXFileReference; lastKnownFileType = wrapper.framework; name = "Objection-iOS.framework"; path = "../../Desktop/workspace/ios-immo-inspect/Frameworks/Objection-iOS.framework"; sourceTree = "<group>"; };
		F3FA3006190651DD0001841D /* Data.h */ = {isa = PBXFileReference; fileEncoding = 4; lastKnownFileType = sourcecode.c.h; path = Data.h; sourceTree = "<group>"; };
		F3FA30071906524C0001841D /* PersistManager.h */ = {isa = PBXFileReference; lastKnownFileType = sourcecode.c.h; path = PersistManager.h; sourceTree = "<group>"; };
		F3FA3008190652AD0001841D /* Security.framework */ = {isa = PBXFileReference; lastKnownFileType = wrapper.framework; name = Security.framework; path = System/Library/Frameworks/Security.framework; sourceTree = SDKROOT; };
		F3FA300A190652FB0001841D /* CoreText.framework */ = {isa = PBXFileReference; lastKnownFileType = wrapper.framework; name = CoreText.framework; path = System/Library/Frameworks/CoreText.framework; sourceTree = SDKROOT; };
		F3FA300C190654FD0001841D /* PersistManager.m */ = {isa = PBXFileReference; fileEncoding = 4; lastKnownFileType = sourcecode.c.objc; path = PersistManager.m; sourceTree = "<group>"; };
		F3FA300E190657550001841D /* QuizWs.h */ = {isa = PBXFileReference; fileEncoding = 4; lastKnownFileType = sourcecode.c.h; path = QuizWs.h; sourceTree = "<group>"; };
		F3FA300F190657550001841D /* QuizWs.m */ = {isa = PBXFileReference; fileEncoding = 4; lastKnownFileType = sourcecode.c.objc; path = QuizWs.m; sourceTree = "<group>"; };
		F3FA3011190659B30001841D /* QuizDao.h */ = {isa = PBXFileReference; fileEncoding = 4; lastKnownFileType = sourcecode.c.h; path = QuizDao.h; sourceTree = "<group>"; };
		F3FA3012190659B30001841D /* QuizDao.m */ = {isa = PBXFileReference; fileEncoding = 4; lastKnownFileType = sourcecode.c.objc; path = QuizDao.m; sourceTree = "<group>"; };
		F3FA301C19066A6F0001841D /* KeychainItemWrapper.h */ = {isa = PBXFileReference; fileEncoding = 4; lastKnownFileType = sourcecode.c.h; path = KeychainItemWrapper.h; sourceTree = "<group>"; };
		F3FA301D19066A6F0001841D /* KeychainItemWrapper.m */ = {isa = PBXFileReference; fileEncoding = 4; lastKnownFileType = sourcecode.c.objc; path = KeychainItemWrapper.m; sourceTree = "<group>"; };
		F3FA301F19069B2F0001841D /* connection.h */ = {isa = PBXFileReference; fileEncoding = 4; lastKnownFileType = sourcecode.c.h; path = connection.h; sourceTree = "<group>"; };
		F3FA302019069B2F0001841D /* connection.m */ = {isa = PBXFileReference; fileEncoding = 4; lastKnownFileType = sourcecode.c.objc; path = connection.m; sourceTree = "<group>"; };
		F3FA30231907D5280001841D /* MultipleChoiceQuestionsViewController.h */ = {isa = PBXFileReference; fileEncoding = 4; lastKnownFileType = sourcecode.c.h; path = MultipleChoiceQuestionsViewController.h; sourceTree = "<group>"; };
		F3FA30241907D5280001841D /* MultipleChoiceQuestionsViewController.m */ = {isa = PBXFileReference; fileEncoding = 4; lastKnownFileType = sourcecode.c.objc; path = MultipleChoiceQuestionsViewController.m; sourceTree = "<group>"; };
		F3FA30261907D5630001841D /* PrepareQuestionsViewController.h */ = {isa = PBXFileReference; fileEncoding = 4; lastKnownFileType = sourcecode.c.h; path = PrepareQuestionsViewController.h; sourceTree = "<group>"; };
		F3FA30271907D5630001841D /* PrepareQuestionsViewController.m */ = {isa = PBXFileReference; fileEncoding = 4; lastKnownFileType = sourcecode.c.objc; path = PrepareQuestionsViewController.m; sourceTree = "<group>"; };
		F3FA302919080D810001841D /* RegisterViewController.h */ = {isa = PBXFileReference; fileEncoding = 4; lastKnownFileType = sourcecode.c.h; path = RegisterViewController.h; sourceTree = "<group>"; };
		F3FA302A19080D810001841D /* RegisterViewController.m */ = {isa = PBXFileReference; fileEncoding = 4; lastKnownFileType = sourcecode.c.objc; path = RegisterViewController.m; sourceTree = "<group>"; };
		F3FA302C19090A120001841D /* FunFactViewController.h */ = {isa = PBXFileReference; fileEncoding = 4; lastKnownFileType = sourcecode.c.h; path = FunFactViewController.h; sourceTree = "<group>"; };
		F3FA302D19090A120001841D /* FunFactViewController.m */ = {isa = PBXFileReference; fileEncoding = 4; lastKnownFileType = sourcecode.c.objc; path = FunFactViewController.m; sourceTree = "<group>"; };
		F3FA302F19090A5E0001841D /* AdFeedbackViewController.h */ = {isa = PBXFileReference; fileEncoding = 4; lastKnownFileType = sourcecode.c.h; path = AdFeedbackViewController.h; sourceTree = "<group>"; };
		F3FA303019090A5E0001841D /* AdFeedbackViewController.m */ = {isa = PBXFileReference; fileEncoding = 4; lastKnownFileType = sourcecode.c.objc; path = AdFeedbackViewController.m; sourceTree = "<group>"; };
		F3FA303219090A7B0001841D /* RatingViewController.h */ = {isa = PBXFileReference; fileEncoding = 4; lastKnownFileType = sourcecode.c.h; path = RatingViewController.h; sourceTree = "<group>"; };
		F3FA303319090A7B0001841D /* RatingViewController.m */ = {isa = PBXFileReference; fileEncoding = 4; lastKnownFileType = sourcecode.c.objc; path = RatingViewController.m; sourceTree = "<group>"; };
		F3FA3054190938EC0001841D /* IQKeyboardManager.bundle */ = {isa = PBXFileReference; lastKnownFileType = "wrapper.plug-in"; path = IQKeyboardManager.bundle; sourceTree = "<group>"; };
		F3FA3055190938EC0001841D /* KeyboardManager.framework */ = {isa = PBXFileReference; lastKnownFileType = wrapper.framework; path = KeyboardManager.framework; sourceTree = "<group>"; };
		F3FA3059190940450001841D /* PointSummaryViewController.h */ = {isa = PBXFileReference; fileEncoding = 4; lastKnownFileType = sourcecode.c.h; path = PointSummaryViewController.h; sourceTree = "<group>"; };
		F3FA305A190940450001841D /* PointSummaryViewController.m */ = {isa = PBXFileReference; fileEncoding = 4; lastKnownFileType = sourcecode.c.objc; path = PointSummaryViewController.m; sourceTree = "<group>"; };
		F3FA305C190940590001841D /* CashInPointsViewController.h */ = {isa = PBXFileReference; fileEncoding = 4; lastKnownFileType = sourcecode.c.h; path = CashInPointsViewController.h; sourceTree = "<group>"; };
		F3FA305D190940590001841D /* CashInPointsViewController.m */ = {isa = PBXFileReference; fileEncoding = 4; lastKnownFileType = sourcecode.c.objc; path = CashInPointsViewController.m; sourceTree = "<group>"; };
/* End PBXFileReference section */

/* Begin PBXFrameworksBuildPhase section */
		F37B10A219026C4900D03CE7 /* Frameworks */ = {
			isa = PBXFrameworksBuildPhase;
			buildActionMask = 2147483647;
			files = (
				F3FA301A190669BC0001841D /* Security.framework in Frameworks */,
				F3FA300B190652FB0001841D /* CoreText.framework in Frameworks */,
				F3FA30021906513A0001841D /* Objection-iOS.framework in Frameworks */,
				F3FA2FEE190586840001841D /* CoreData.framework in Frameworks */,
				F36163A91902E7290002D22E /* MediaPlayer.framework in Frameworks */,
				F37B10A919026C4900D03CE7 /* UIKit.framework in Frameworks */,
				F37B10AB19026C4900D03CE7 /* Foundation.framework in Frameworks */,
				F37B10AD19026C4900D03CE7 /* CoreGraphics.framework in Frameworks */,
				F3FA3057190938EC0001841D /* KeyboardManager.framework in Frameworks */,
			);
			runOnlyForDeploymentPostprocessing = 0;
		};
		F37B10C719026C4900D03CE7 /* Frameworks */ = {
			isa = PBXFrameworksBuildPhase;
			buildActionMask = 2147483647;
			files = (
				F37B10CD19026C4900D03CE7 /* SenTestingKit.framework in Frameworks */,
				F37B10CE19026C4900D03CE7 /* UIKit.framework in Frameworks */,
				F37B10CF19026C4900D03CE7 /* Foundation.framework in Frameworks */,
			);
			runOnlyForDeploymentPostprocessing = 0;
		};
/* End PBXFrameworksBuildPhase section */

/* Begin PBXGroup section */
		F334CACD19028EAF00CCF8CF /* images */ = {
			isa = PBXGroup;
			children = (
				F36163AF1902F2AB0002D22E /* video.png */,
				F36163A11902CCB30002D22E /* heart.png */,
				F361639F1902CB120002D22E /* clipready.png */,
				F334CACB1902792D00CCF8CF /* downloadArrow.png */,
			);
			name = images;
			sourceTree = "<group>";
		};
		F37B109C19026C4900D03CE7 = {
			isa = PBXGroup;
			children = (
				F3FA3054190938EC0001841D /* IQKeyboardManager.bundle */,
				F3FA2FEF190589CA0001841D /* Videos */,
				F3C794381905682D001A1847 /* DataModel */,
				F334CACD19028EAF00CCF8CF /* images */,
				F37B10AE19026C4900D03CE7 /* VideoQuiz */,
				F37B10D219026C4900D03CE7 /* VideoQuizTests */,
				F37B10A719026C4900D03CE7 /* Frameworks */,
				F37B10A619026C4900D03CE7 /* Products */,
			);
			sourceTree = "<group>";
		};
		F37B10A619026C4900D03CE7 /* Products */ = {
			isa = PBXGroup;
			children = (
				F37B10A519026C4900D03CE7 /* VideoQuiz.app */,
				F37B10CB19026C4900D03CE7 /* VideoQuizTests.octest */,
			);
			name = Products;
			sourceTree = "<group>";
		};
		F37B10A719026C4900D03CE7 /* Frameworks */ = {
			isa = PBXGroup;
			children = (
				F3FA3055190938EC0001841D /* KeyboardManager.framework */,
				F3FA300A190652FB0001841D /* CoreText.framework */,
				F3FA3008190652AD0001841D /* Security.framework */,
				F3FA30011906513A0001841D /* Objection-iOS.framework */,
				F3FA2FED190586840001841D /* CoreData.framework */,
				F36163A81902E7290002D22E /* MediaPlayer.framework */,
				F37B10A819026C4900D03CE7 /* UIKit.framework */,
				F37B10AA19026C4900D03CE7 /* Foundation.framework */,
				F37B10AC19026C4900D03CE7 /* CoreGraphics.framework */,
				F37B10CC19026C4900D03CE7 /* SenTestingKit.framework */,
			);
			name = Frameworks;
			sourceTree = "<group>";
		};
		F37B10AE19026C4900D03CE7 /* VideoQuiz */ = {
			isa = PBXGroup;
			children = (
				F3FA301B19066A650001841D /* Security */,
				F3FA2FE3190569DC0001841D /* Navigation */,
				F3FA2FE2190569A70001841D /* ViewControllers */,
				F3FA2FE1190569790001841D /* Services */,
				F37B10B719026C4900D03CE7 /* AppDelegate.h */,
				F37B10B819026C4900D03CE7 /* AppDelegate.m */,
				F37B10C019026C4900D03CE7 /* MainStoryboard.storyboard */,
				F37B10AF19026C4900D03CE7 /* Supporting Files */,
			);
			path = VideoQuiz;
			sourceTree = "<group>";
		};
		F37B10AF19026C4900D03CE7 /* Supporting Files */ = {
			isa = PBXGroup;
			children = (
				F37B10B019026C4900D03CE7 /* VideoQuiz-Info.plist */,
				F37B10B119026C4900D03CE7 /* InfoPlist.strings */,
				F37B10B419026C4900D03CE7 /* main.m */,
				F37B10B619026C4900D03CE7 /* VideoQuiz-Prefix.pch */,
				F37B10BA19026C4900D03CE7 /* Default.png */,
				F37B10BC19026C4900D03CE7 /* Default@2x.png */,
				F37B10BE19026C4900D03CE7 /* Default-568h@2x.png */,
			);
			name = "Supporting Files";
			sourceTree = "<group>";
		};
		F37B10D219026C4900D03CE7 /* VideoQuizTests */ = {
			isa = PBXGroup;
			children = (
				F37B10D819026C4900D03CE7 /* VideoQuizTests.h */,
				F37B10D919026C4900D03CE7 /* VideoQuizTests.m */,
				F37B10D319026C4900D03CE7 /* Supporting Files */,
			);
			path = VideoQuizTests;
			sourceTree = "<group>";
		};
		F37B10D319026C4900D03CE7 /* Supporting Files */ = {
			isa = PBXGroup;
			children = (
				F37B10D419026C4900D03CE7 /* VideoQuizTests-Info.plist */,
				F37B10D519026C4900D03CE7 /* InfoPlist.strings */,
			);
			name = "Supporting Files";
			sourceTree = "<group>";
		};
		F3C794381905682D001A1847 /* DataModel */ = {
			isa = PBXGroup;
			children = (
				F37161DA190FF68900323344 /* DmVideo.h */,
				F37161DB190FF68900323344 /* DmVideo.m */,
				F37161D7190FF68800323344 /* DmQuestion.h */,
				F37161D8190FF68800323344 /* DmQuestion.m */,
				F37161D4190FF68800323344 /* DmUser.h */,
				F37161D5190FF68800323344 /* DmUser.m */,
				33223226190FE4D10072CB30 /* Model_.xcdatamodeld */,
				F3C7943019056551001A1847 /* Model.xcdatamodeld */,
				F3FA3006190651DD0001841D /* Data.h */,
			);
			name = DataModel;
			sourceTree = "<group>";
		};
		F3FA2FE01905696B0001841D /* Login */ = {
			isa = PBXGroup;
			children = (
				F31C166719041CB4004E92DD /* LoginViewController.h */,
				F31C166819041CB4004E92DD /* LoginViewController.m */,
				F3FA302919080D810001841D /* RegisterViewController.h */,
				F3FA302A19080D810001841D /* RegisterViewController.m */,
			);
			name = Login;
			sourceTree = "<group>";
		};
		F3FA2FE1190569790001841D /* Services */ = {
			isa = PBXGroup;
			children = (
				F3FA301F19069B2F0001841D /* connection.h */,
				F3FA302019069B2F0001841D /* connection.m */,
				F3FA300C190654FD0001841D /* PersistManager.m */,
				F3FA30071906524C0001841D /* PersistManager.h */,
				F3FA2FFB190650A60001841D /* SessionData.h */,
				F3FA2FFC190650A60001841D /* SessionData.m */,
				F3FA2FF8190650950001841D /* WsBase.h */,
				F3FA2FF9190650950001841D /* WsBase.m */,
				F334CAD11902907E00CCF8CF /* ClipDownloader.h */,
				F334CAD21902907E00CCF8CF /* ClipDownloader.m */,
				F3FA300E190657550001841D /* QuizWs.h */,
				F3FA300F190657550001841D /* QuizWs.m */,
				F3FA3011190659B30001841D /* QuizDao.h */,
				F3FA3012190659B30001841D /* QuizDao.m */,
			);
			name = Services;
			sourceTree = "<group>";
		};
		F3FA2FE2190569A70001841D /* ViewControllers */ = {
			isa = PBXGroup;
			children = (
				F3FA3058190940320001841D /* Points */,
				F3FA2FE01905696B0001841D /* Login */,
				F3FA30221907D50B0001841D /* QuestionControllers */,
				F37B10C319026C4900D03CE7 /* ViewController.h */,
				F37B10C419026C4900D03CE7 /* ViewController.m */,
				F334CACE19028EEA00CCF8CF /* DownloadViewController.h */,
				F334CACF19028EEA00CCF8CF /* DownloadViewController.m */,
				F36163AC1902E8160002D22E /* PlayerViewController.h */,
				F36163AD1902E8160002D22E /* PlayerViewController.m */,
				F31C166A1904209C004E92DD /* CockPitViewController.h */,
				F31C166B1904209C004E92DD /* CockPitViewController.m */,
				F31C166D1904213A004E92DD /* SettingsViewController.h */,
				F31C166E1904213A004E92DD /* SettingsViewController.m */,
			);
			name = ViewControllers;
			sourceTree = "<group>";
		};
		F3FA2FE3190569DC0001841D /* Navigation */ = {
			isa = PBXGroup;
			children = (
				F36163B11903D9D90002D22E /* NavigationController.h */,
				F36163B21903D9D90002D22E /* NavigationController.m */,
			);
			name = Navigation;
			sourceTree = "<group>";
		};
		F3FA2FEF190589CA0001841D /* Videos */ = {
			isa = PBXGroup;
			children = (
				F36163A31902E4720002D22E /* videoQuiz.mov */,
				F36163AA1902E7E70002D22E /* flake.mov */,
				F3FA2FF219058C3D0001841D /* ad bud.mov */,
				F3FA2FF319058C3D0001841D /* guinness.mov */,
				F3FA2FF419058C3D0001841D /* milkTray.mov */,
			);
			name = Videos;
			sourceTree = "<group>";
		};
		F3FA301B19066A650001841D /* Security */ = {
			isa = PBXGroup;
			children = (
				F3FA301C19066A6F0001841D /* KeychainItemWrapper.h */,
				F3FA301D19066A6F0001841D /* KeychainItemWrapper.m */,
			);
			name = Security;
			sourceTree = "<group>";
		};
		F3FA30221907D50B0001841D /* QuestionControllers */ = {
			isa = PBXGroup;
			children = (
				F3FA30231907D5280001841D /* MultipleChoiceQuestionsViewController.h */,
				F3FA30241907D5280001841D /* MultipleChoiceQuestionsViewController.m */,
				F3FA30261907D5630001841D /* PrepareQuestionsViewController.h */,
				F3FA30271907D5630001841D /* PrepareQuestionsViewController.m */,
				F3FA302C19090A120001841D /* FunFactViewController.h */,
				F3FA302D19090A120001841D /* FunFactViewController.m */,
				F3FA302F19090A5E0001841D /* AdFeedbackViewController.h */,
				F3FA303019090A5E0001841D /* AdFeedbackViewController.m */,
				F3FA303219090A7B0001841D /* RatingViewController.h */,
				F3FA303319090A7B0001841D /* RatingViewController.m */,
			);
			name = QuestionControllers;
			sourceTree = "<group>";
		};
		F3FA3058190940320001841D /* Points */ = {
			isa = PBXGroup;
			children = (
				F3FA3059190940450001841D /* PointSummaryViewController.h */,
				F3FA305A190940450001841D /* PointSummaryViewController.m */,
				F3FA305C190940590001841D /* CashInPointsViewController.h */,
				F3FA305D190940590001841D /* CashInPointsViewController.m */,
			);
			name = Points;
			sourceTree = "<group>";
		};
/* End PBXGroup section */

/* Begin PBXNativeTarget section */
		F37B10A419026C4900D03CE7 /* VideoQuiz */ = {
			isa = PBXNativeTarget;
			buildConfigurationList = F37B10DD19026C4900D03CE7 /* Build configuration list for PBXNativeTarget "VideoQuiz" */;
			buildPhases = (
				F37B10A119026C4900D03CE7 /* Sources */,
				F37B10A219026C4900D03CE7 /* Frameworks */,
				F37B10A319026C4900D03CE7 /* Resources */,
			);
			buildRules = (
			);
			dependencies = (
			);
			name = VideoQuiz;
			productName = VideoQuiz;
			productReference = F37B10A519026C4900D03CE7 /* VideoQuiz.app */;
			productType = "com.apple.product-type.application";
		};
		F37B10CA19026C4900D03CE7 /* VideoQuizTests */ = {
			isa = PBXNativeTarget;
			buildConfigurationList = F37B10E019026C4900D03CE7 /* Build configuration list for PBXNativeTarget "VideoQuizTests" */;
			buildPhases = (
				F37B10C619026C4900D03CE7 /* Sources */,
				F37B10C719026C4900D03CE7 /* Frameworks */,
				F37B10C819026C4900D03CE7 /* Resources */,
				F37B10C919026C4900D03CE7 /* ShellScript */,
			);
			buildRules = (
			);
			dependencies = (
				F37B10D119026C4900D03CE7 /* PBXTargetDependency */,
			);
			name = VideoQuizTests;
			productName = VideoQuizTests;
			productReference = F37B10CB19026C4900D03CE7 /* VideoQuizTests.octest */;
			productType = "com.apple.product-type.bundle";
		};
/* End PBXNativeTarget section */

/* Begin PBXProject section */
		F37B109D19026C4900D03CE7 /* Project object */ = {
			isa = PBXProject;
			attributes = {
				LastUpgradeCheck = 0460;
				ORGANIZATIONNAME = vquiz;
			};
			buildConfigurationList = F37B10A019026C4900D03CE7 /* Build configuration list for PBXProject "VideoQuiz" */;
			compatibilityVersion = "Xcode 3.2";
			developmentRegion = English;
			hasScannedForEncodings = 0;
			knownRegions = (
				en,
			);
			mainGroup = F37B109C19026C4900D03CE7;
			productRefGroup = F37B10A619026C4900D03CE7 /* Products */;
			projectDirPath = "";
			projectRoot = "";
			targets = (
				F37B10A419026C4900D03CE7 /* VideoQuiz */,
				F37B10CA19026C4900D03CE7 /* VideoQuizTests */,
			);
		};
/* End PBXProject section */

/* Begin PBXResourcesBuildPhase section */
		F37B10A319026C4900D03CE7 /* Resources */ = {
			isa = PBXResourcesBuildPhase;
			buildActionMask = 2147483647;
			files = (
				F36163A41902E4720002D22E /* videoQuiz.mov in Resources */,
				F37B10B319026C4900D03CE7 /* InfoPlist.strings in Resources */,
				F37B10BB19026C4900D03CE7 /* Default.png in Resources */,
				F3FA2FF519058C3D0001841D /* ad bud.mov in Resources */,
				F37B10BD19026C4900D03CE7 /* Default@2x.png in Resources */,
				F3FA2FF719058C3D0001841D /* milkTray.mov in Resources */,
				F3FA3056190938EC0001841D /* IQKeyboardManager.bundle in Resources */,
				F36163AB1902E7E70002D22E /* flake.mov in Resources */,
				F37B10BF19026C4900D03CE7 /* Default-568h@2x.png in Resources */,
				F36163A21902CCB30002D22E /* heart.png in Resources */,
				F36163B01902F2AB0002D22E /* video.png in Resources */,
				F36163A01902CB120002D22E /* clipready.png in Resources */,
				F3FA2FF619058C3D0001841D /* guinness.mov in Resources */,
				F334CACC1902792D00CCF8CF /* downloadArrow.png in Resources */,
				F37B10C219026C4900D03CE7 /* MainStoryboard.storyboard in Resources */,
				F3C7943119056551001A1847 /* Model.xcdatamodeld in Resources */,
			);
			runOnlyForDeploymentPostprocessing = 0;
		};
		F37B10C819026C4900D03CE7 /* Resources */ = {
			isa = PBXResourcesBuildPhase;
			buildActionMask = 2147483647;
			files = (
				F37B10D719026C4900D03CE7 /* InfoPlist.strings in Resources */,
			);
			runOnlyForDeploymentPostprocessing = 0;
		};
/* End PBXResourcesBuildPhase section */

/* Begin PBXShellScriptBuildPhase section */
		F37B10C919026C4900D03CE7 /* ShellScript */ = {
			isa = PBXShellScriptBuildPhase;
			buildActionMask = 2147483647;
			files = (
			);
			inputPaths = (
			);
			outputPaths = (
			);
			runOnlyForDeploymentPostprocessing = 0;
			shellPath = /bin/sh;
			shellScript = "# Run the unit tests in this test bundle.\n\"${SYSTEM_DEVELOPER_DIR}/Tools/RunUnitTests\"\n";
		};
/* End PBXShellScriptBuildPhase section */

/* Begin PBXSourcesBuildPhase section */
		F37B10A119026C4900D03CE7 /* Sources */ = {
			isa = PBXSourcesBuildPhase;
			buildActionMask = 2147483647;
			files = (
				F3FA3013190659B30001841D /* QuizDao.m in Sources */,
				F3FA305E190940590001841D /* CashInPointsViewController.m in Sources */,
				F3FA30281907D5630001841D /* PrepareQuestionsViewController.m in Sources */,
				F31C166C1904209C004E92DD /* CockPitViewController.m in Sources */,
				F3FA303519091C6C0001841D /* LoginViewController.m in Sources */,
				F3FA2FFA190650950001841D /* WsBase.m in Sources */,
				F37B10B519026C4900D03CE7 /* main.m in Sources */,
				F37B10B919026C4900D03CE7 /* AppDelegate.m in Sources */,
				F334CAD019028EEA00CCF8CF /* DownloadViewController.m in Sources */,
				F334CAD31902907E00CCF8CF /* ClipDownloader.m in Sources */,
				F37B10C519026C4900D03CE7 /* ViewController.m in Sources */,
				F37161DC190FF68900323344 /* DmVideo.m in Sources */,
				F3FA30251907D5280001841D /* MultipleChoiceQuestionsViewController.m in Sources */,
				F3FA302B19080D810001841D /* RegisterViewController.m in Sources */,
				F3FA303119090A5E0001841D /* AdFeedbackViewController.m in Sources */,
				F31C166F1904213A004E92DD /* SettingsViewController.m in Sources */,
				F3FA2FFD190650A60001841D /* SessionData.m in Sources */,
				F3FA302E19090A120001841D /* FunFactViewController.m in Sources */,
				F37161D6190FF68800323344 /* DmUser.m in Sources */,
				F36163AE1902E8170002D22E /* PlayerViewController.m in Sources */,
				F3FA3010190657550001841D /* QuizWs.m in Sources */,
				F3FA302119069B2F0001841D /* connection.m in Sources */,
				33223228190FE4D10072CB30 /* Model_.xcdatamodeld in Sources */,
				F3FA303419090A7B0001841D /* RatingViewController.m in Sources */,
				F37161D9190FF68800323344 /* DmQuestion.m in Sources */,
				F36163B31903D9D90002D22E /* NavigationController.m in Sources */,
				F3FA300D190654FD0001841D /* PersistManager.m in Sources */,
				F3FA301E19066A6F0001841D /* KeychainItemWrapper.m in Sources */,
				F3FA305B190940450001841D /* PointSummaryViewController.m in Sources */,
			);
			runOnlyForDeploymentPostprocessing = 0;
		};
		F37B10C619026C4900D03CE7 /* Sources */ = {
			isa = PBXSourcesBuildPhase;
			buildActionMask = 2147483647;
			files = (
				F37B10DA19026C4900D03CE7 /* VideoQuizTests.m in Sources */,
			);
			runOnlyForDeploymentPostprocessing = 0;
		};
/* End PBXSourcesBuildPhase section */

/* Begin PBXTargetDependency section */
		F37B10D119026C4900D03CE7 /* PBXTargetDependency */ = {
			isa = PBXTargetDependency;
			target = F37B10A419026C4900D03CE7 /* VideoQuiz */;
			targetProxy = F37B10D019026C4900D03CE7 /* PBXContainerItemProxy */;
		};
/* End PBXTargetDependency section */

/* Begin PBXVariantGroup section */
		F37B10B119026C4900D03CE7 /* InfoPlist.strings */ = {
			isa = PBXVariantGroup;
			children = (
				F37B10B219026C4900D03CE7 /* en */,
			);
			name = InfoPlist.strings;
			sourceTree = "<group>";
		};
		F37B10C019026C4900D03CE7 /* MainStoryboard.storyboard */ = {
			isa = PBXVariantGroup;
			children = (
				F37B10C119026C4900D03CE7 /* en */,
			);
			name = MainStoryboard.storyboard;
			sourceTree = "<group>";
		};
		F37B10D519026C4900D03CE7 /* InfoPlist.strings */ = {
			isa = PBXVariantGroup;
			children = (
				F37B10D619026C4900D03CE7 /* en */,
			);
			name = InfoPlist.strings;
			sourceTree = "<group>";
		};
/* End PBXVariantGroup section */

/* Begin XCBuildConfiguration section */
		F37B10DB19026C4900D03CE7 /* Debug */ = {
			isa = XCBuildConfiguration;
			buildSettings = {
				ALWAYS_SEARCH_USER_PATHS = NO;
				CLANG_CXX_LANGUAGE_STANDARD = "gnu++0x";
				CLANG_CXX_LIBRARY = "libc++";
				CLANG_ENABLE_OBJC_ARC = YES;
				CLANG_WARN_CONSTANT_CONVERSION = YES;
				CLANG_WARN_EMPTY_BODY = YES;
				CLANG_WARN_ENUM_CONVERSION = YES;
				CLANG_WARN_INT_CONVERSION = YES;
				CLANG_WARN__DUPLICATE_METHOD_MATCH = YES;
				"CODE_SIGN_IDENTITY[sdk=iphoneos*]" = "iPhone Developer";
				COPY_PHASE_STRIP = NO;
				GCC_C_LANGUAGE_STANDARD = gnu99;
				GCC_DYNAMIC_NO_PIC = NO;
				GCC_OPTIMIZATION_LEVEL = 0;
				GCC_PREPROCESSOR_DEFINITIONS = (
					"DEBUG=1",
					"$(inherited)",
				);
				GCC_SYMBOLS_PRIVATE_EXTERN = NO;
				GCC_WARN_ABOUT_RETURN_TYPE = YES;
				GCC_WARN_UNINITIALIZED_AUTOS = YES;
				GCC_WARN_UNUSED_VARIABLE = YES;
				IPHONEOS_DEPLOYMENT_TARGET = 6.1;
				ONLY_ACTIVE_ARCH = YES;
				OTHER_CFLAGS = "";
				SDKROOT = iphoneos;
			};
			name = Debug;
		};
		F37B10DC19026C4900D03CE7 /* Release */ = {
			isa = XCBuildConfiguration;
			buildSettings = {
				ALWAYS_SEARCH_USER_PATHS = NO;
				CLANG_CXX_LANGUAGE_STANDARD = "gnu++0x";
				CLANG_CXX_LIBRARY = "libc++";
				CLANG_ENABLE_OBJC_ARC = YES;
				CLANG_WARN_CONSTANT_CONVERSION = YES;
				CLANG_WARN_EMPTY_BODY = YES;
				CLANG_WARN_ENUM_CONVERSION = YES;
				CLANG_WARN_INT_CONVERSION = YES;
				CLANG_WARN__DUPLICATE_METHOD_MATCH = YES;
				"CODE_SIGN_IDENTITY[sdk=iphoneos*]" = "iPhone Developer";
				COPY_PHASE_STRIP = YES;
				GCC_C_LANGUAGE_STANDARD = gnu99;
				GCC_WARN_ABOUT_RETURN_TYPE = YES;
				GCC_WARN_UNINITIALIZED_AUTOS = YES;
				GCC_WARN_UNUSED_VARIABLE = YES;
				IPHONEOS_DEPLOYMENT_TARGET = 6.1;
				OTHER_CFLAGS = "";
				SDKROOT = iphoneos;
				VALIDATE_PRODUCT = YES;
			};
			name = Release;
		};
		F37B10DE19026C4900D03CE7 /* Debug */ = {
			isa = XCBuildConfiguration;
			buildSettings = {
				FRAMEWORK_SEARCH_PATHS = (
					"$(inherited)",
					"/Users/colman/Desktop/workspace/ios-immo-inspect/Frameworks",
					"$(PROJECT_DIR)",
					"/Users/colman/Downloads/IQKeyboardManager-master/IQKeyboardManager",
					Framework,
				);
				GCC_PRECOMPILE_PREFIX_HEADER = YES;
				GCC_PREFIX_HEADER = "VideoQuiz/VideoQuiz-Prefix.pch";
				INFOPLIST_FILE = "VideoQuiz/VideoQuiz-Info.plist";
				OTHER_LDFLAGS = "-ObjC";
				PRODUCT_NAME = "$(TARGET_NAME)";
				WRAPPER_EXTENSION = app;
			};
			name = Debug;
		};
		F37B10DF19026C4900D03CE7 /* Release */ = {
			isa = XCBuildConfiguration;
			buildSettings = {
				FRAMEWORK_SEARCH_PATHS = (
					"$(inherited)",
					"/Users/colman/Desktop/workspace/ios-immo-inspect/Frameworks",
					"$(PROJECT_DIR)",
					"/Users/colman/Downloads/IQKeyboardManager-master/IQKeyboardManager",
					Framework,
				);
				GCC_PRECOMPILE_PREFIX_HEADER = YES;
				GCC_PREFIX_HEADER = "VideoQuiz/VideoQuiz-Prefix.pch";
				INFOPLIST_FILE = "VideoQuiz/VideoQuiz-Info.plist";
				OTHER_LDFLAGS = "-ObjC";
				PRODUCT_NAME = "$(TARGET_NAME)";
				WRAPPER_EXTENSION = app;
			};
			name = Release;
		};
		F37B10E119026C4900D03CE7 /* Debug */ = {
			isa = XCBuildConfiguration;
			buildSettings = {
				BUNDLE_LOADER = "$(BUILT_PRODUCTS_DIR)/VideoQuiz.app/VideoQuiz";
				FRAMEWORK_SEARCH_PATHS = (
					"\"$(SDKROOT)/Developer/Library/Frameworks\"",
					"\"$(DEVELOPER_LIBRARY_DIR)/Frameworks\"",
				);
				GCC_PRECOMPILE_PREFIX_HEADER = YES;
				GCC_PREFIX_HEADER = "VideoQuiz/VideoQuiz-Prefix.pch";
				INFOPLIST_FILE = "VideoQuizTests/VideoQuizTests-Info.plist";
				PRODUCT_NAME = "$(TARGET_NAME)";
				TEST_HOST = "$(BUNDLE_LOADER)";
				WRAPPER_EXTENSION = octest;
			};
			name = Debug;
		};
		F37B10E219026C4900D03CE7 /* Release */ = {
			isa = XCBuildConfiguration;
			buildSettings = {
				BUNDLE_LOADER = "$(BUILT_PRODUCTS_DIR)/VideoQuiz.app/VideoQuiz";
				FRAMEWORK_SEARCH_PATHS = (
					"\"$(SDKROOT)/Developer/Library/Frameworks\"",
					"\"$(DEVELOPER_LIBRARY_DIR)/Frameworks\"",
				);
				GCC_PRECOMPILE_PREFIX_HEADER = YES;
				GCC_PREFIX_HEADER = "VideoQuiz/VideoQuiz-Prefix.pch";
				INFOPLIST_FILE = "VideoQuizTests/VideoQuizTests-Info.plist";
				PRODUCT_NAME = "$(TARGET_NAME)";
				TEST_HOST = "$(BUNDLE_LOADER)";
				WRAPPER_EXTENSION = octest;
			};
			name = Release;
		};
/* End XCBuildConfiguration section */

/* Begin XCConfigurationList section */
		F37B10A019026C4900D03CE7 /* Build configuration list for PBXProject "VideoQuiz" */ = {
			isa = XCConfigurationList;
			buildConfigurations = (
				F37B10DB19026C4900D03CE7 /* Debug */,
				F37B10DC19026C4900D03CE7 /* Release */,
			);
			defaultConfigurationIsVisible = 0;
			defaultConfigurationName = Release;
		};
		F37B10DD19026C4900D03CE7 /* Build configuration list for PBXNativeTarget "VideoQuiz" */ = {
			isa = XCConfigurationList;
			buildConfigurations = (
				F37B10DE19026C4900D03CE7 /* Debug */,
				F37B10DF19026C4900D03CE7 /* Release */,
			);
			defaultConfigurationIsVisible = 0;
			defaultConfigurationName = Release;
		};
		F37B10E019026C4900D03CE7 /* Build configuration list for PBXNativeTarget "VideoQuizTests" */ = {
			isa = XCConfigurationList;
			buildConfigurations = (
				F37B10E119026C4900D03CE7 /* Debug */,
				F37B10E219026C4900D03CE7 /* Release */,
			);
			defaultConfigurationIsVisible = 0;
			defaultConfigurationName = Release;
		};
/* End XCConfigurationList section */

/* Begin XCVersionGroup section */
		33223226190FE4D10072CB30 /* Model_.xcdatamodeld */ = {
			isa = XCVersionGroup;
			children = (
				33223227190FE4D10072CB30 /* Model_.xcdatamodel */,
			);
			currentVersion = 33223227190FE4D10072CB30 /* Model_.xcdatamodel */;
			path = Model_.xcdatamodeld;
			sourceTree = "<group>";
			versionGroupType = wrapper.xcdatamodel;
		};
/* End XCVersionGroup section */
	};
	rootObject = F37B109D19026C4900D03CE7 /* Project object */;
}
